github.com/davecgh/go-spew v1.1.0 h1:ZDRjVQ15GmhC3fiQ8ni8+OwkZQO4DARzQgrnXU1Liz8=
github.com/davecgh/go-spew v1.1.0/go.mod h1:J7Y8YcW2NihsgmVo/mv3lAwl/skON4iLHjSsI+c5H38=
github.com/drone/envsubst v1.0.2 h1:dpYLMAspQHW0a8dZpLRKe9jCNvIGZPhCPrycZzIHdqo=
github.com/drone/envsubst v1.0.2/go.mod h1:bkZbnc/2vh1M12Ecn7EYScpI4YGYU0etwLJICOWi8Z0=
github.com/google/go-cmp v0.2.0 h1:+dTQ8DZQJz0Mb/HjFlkptS1FeQ4cWSnN941F8aEG4SQ=
github.com/google/go-cmp v0.2.0/go.mod h1:oXzfMopK8JAjlY9xF4vHSVASa0yLyX7SntLO5aqRK0M=
github.com/gorilla/context v0.0.0-20160226214623-1ea25387ff6f/go.mod h1:kBGZzfjB9CEq2AlWe17Uuf7NDRt0dE0s8S51q0aT7Yg=
github.com/gorilla/mux v1.6.2/go.mod h1:1lud6UwP+6orDFRuTfBEV8e9/aOM/c4fVVCaMa2zaAs=
github.com/openfaas/faas v0.0.0-20200319193403-46b106878d2c h1:qF8m6deqNm2D25WzzS7/YnPpvBIDCMElhfsTOyoj+Io=
github.com/openfaas/faas v0.0.0-20200319193403-46b106878d2c/go.mod h1:E0m2rLup0Vvxg53BKxGgaYAGcZa3Xl+vvL7vSi5yQ14=
github.com/openfaas/faas-cli v0.0.0-20200403113215-3b98878aa1b6 h1:JBYNLVGeFTjGsHXwQCEEilFDIwcq/Wqfux8J8CtCzIk=
github.com/openfaas/faas-cli v0.0.0-20200403113215-3b98878aa1b6/go.mod h1:u/KO+e43wkagC0lqM1eaqNEWEBdg08Q1ugP/idj39MM=
github.com/openfaas/faas-provider v0.15.0 h1:3x5ma90FL7AqP4NOD6f03AY24y3xBeVF6xGLUx6Xrlc=
github.com/openfaas/faas-provider v0.15.0/go.mod h1:8Fagi2UeMfL+gZAqZWSMQg86i+w1+hBOKtwKRP5sLFI=
github.com/pmezard/go-difflib v1.0.0 h1:4DBwDE0NGyQoBHbLQYPwSUPoCMWR5BEzIk/f1lZbAQM=
github.com/pmezard/go-difflib v1.0.0/go.mod h1:iKH77koFhYxTK1pcRnkKkqfTogsbg7gZNVY4sRDYZ/4=
github.com/rakyll/hey v0.1.3 h1:OxaaU+3P16QGT4tccjFgZ51havtIZTgTshnUc62JPBE=
github.com/rakyll/hey v0.1.3/go.mod h1:nAOTOo+L52KB9SZq/M6J18kxjto4yVtXQDjU2HgjUPI=
github.com/ryanuber/go-glob v1.0.0 h1:iQh3xXAumdQ+4Ufa5b25cRpC5TYKlno6hsv6Cb3pkBk=
github.com/ryanuber/go-glob v1.0.0/go.mod h1:807d1WSdnB0XRJzKNil9Om6lcp/3a0v4qIHxIXzX/Yc=
github.com/stretchr/objx v0.1.0/go.mod h1:HFkY916IF+rwdDfMAkV7OtwuqBVzrE8GR6GFx+wExME=
github.com/stretchr/testify v1.5.1 h1:nOGnQDM7FYENwehXlg/kFVnos3rEvtKTjRvOWSzb6H4=
github.com/stretchr/testify v1.5.1/go.mod h1:5W2xD1RspED5o8YsWQXVCued0rvSQ+mT+I5cxcmMvtA=
go.uber.org/goleak v0.10.0 h1:G3eWbSNIskeRqtsN/1uI5B+eP73y3JUuBsv9AZjehb4=
go.uber.org/goleak v0.10.0/go.mod h1:VCZuO8V8mFPlL0F5J5GK1rtHV3DrFcQ1R8ryq7FK0aI=
golang.org/x/net v0.0.0-20181017193950-04a2e542c03f h1:4pRM7zYwpBjCnfA1jRmhItLxYJkaEnsmuAcRtA347DA=
golang.org/x/net v0.0.0-20181017193950-04a2e542c03f/go.mod h1:mL1N/T3taQHkDXs73rZJwtUhF3w3ftmwwsq0BUmARs4=
golang.org/x/text v0.3.0 h1:g61tztE5qeGQ89tm6NTjjM9VPIm088od1l6aSorWRWg=
golang.org/x/text v0.3.0/go.mod h1:NqM8EUOU14njkJ3fqMW+pc6Ldnwhi/IjpwHt7yyuwOQ=
gopkg.in/check.v1 v0.0.0-20161208181325-20d25e280405 h1:yhCVgyC4o1eVCa2tZl7eS0r+SDo693bJlVdllGtEeKM=
gopkg.in/check.v1 v0.0.0-20161208181325-20d25e280405/go.mod h1:Co6ibVJAznAaIkqp8huTwlJQCZ016jof/cbN4VW5Yz0=
gopkg.in/yaml.v2 v2.2.2 h1:ZCJp+EgiOT7lHqUV2J862kp8Qj64Jo6az82+3Td9dZw=
gopkg.in/yaml.v2 v2.2.2/go.mod h1:hI93XBmqTisBFMUTm0b8Fm+jr3Dg1NNxqwp+5A1VGuI=
