# This file is autogenerated, do not edit; changes may be undone by the next 'dep ensure'.


[[projects]]
  name = "github.com/openfaas/faas"
  packages = ["gateway/requests"]
  revision = "8f0d2d1fd6c5e3c9d2e0a73d6d256c4e232b3737"
  version = "0.8.9"

[solve-meta]
  analyzer-name = "dep"
  analyzer-version = 1
  inputs-digest = "10022891ee70103c2c36e92b53426baec813bdbe484ff3836908afaf8ec82f10"
  solver-name = "gps-cdcl"
  solver-version = 1
