# This file is autogenerated, do not edit; changes may be undone by the next 'dep ensure'.


[[projects]]
  digest = "1:cd4844d2c87206efa7faa9ea920f936e4f16512ac3fa342e7534dfb6d804a63b"
  name = "github.com/openfaas/faas"
  packages = ["gateway/requests"]
  pruneopts = "UT"
  revision = "91b6c244941c41b4750c9fcc90fc678d196d4619"
  version = "0.8.12"

[[projects]]
  digest = "1:d013d7ac4a35fc3420933798ba3238b08cb372d4b3315b264af5c8a481921692"
  name = "github.com/openfaas/faas-provider"
  packages = ["types"]
  pruneopts = "UT"
  revision = "98c25c3919da1ca07bb93fad63fd9715b460963f"
  version = "012.1"

[solve-meta]
  analyzer-name = "dep"
  analyzer-version = 1
  input-imports = [
    "github.com/openfaas/faas-provider/types",
    "github.com/openfaas/faas/gateway/requests",
  ]
  solver-name = "gps-cdcl"
  solver-version = 1
