# This file is autogenerated, do not edit; changes may be undone by the next 'dep ensure'.


[[projects]]
  name = "github.com/openfaas/faas"
  packages = ["gateway/requests"]
  revision = "76526b0be3eb2fb71f2fcb115870e7623bc54969"
  version = "0.7.4"

[solve-meta]
  analyzer-name = "dep"
  analyzer-version = 1
  inputs-digest = "b116d8701f6a414f97921c9832d16556b2d07ff3041de06776915784bc9fa2dd"
  solver-name = "gps-cdcl"
  solver-version = 1
